{
  "name": "conf_compi1",
  "version": "1.0.0",
  "lockfileVersion": 3,
  "requires": true,
  "packages": {
    "": {
      "name": "conf_compi1",
      "version": "1.0.0",
      "license": "ISC",
      "devDependencies": {
        "@ts-jison/parser-generator": "^0.4.1-alpha.2",
        "typescript": "^5.6.2"
      }
    },
    "node_modules/@ts-jison/common": {
      "version": "0.4.1-alpha.1",
      "resolved": "https://registry.npmjs.org/@ts-jison/common/-/common-0.4.1-alpha.1.tgz",
      "integrity": "sha512-SDbHzq+UMD+V3ciKVBHwCEgVqSeyQPTCjOsd/ZNTGySUVg4x3EauR9ZcEfdVFAsYRR38XWgDI+spq5LDY46KvQ==",
      "dev": true,
      "license": "MIT"
    },
    "node_modules/@ts-jison/common-generator": {
      "version": "0.4.1-alpha.1",
      "resolved": "https://registry.npmjs.org/@ts-jison/common-generator/-/common-generator-0.4.1-alpha.1.tgz",
      "integrity": "sha512-CdsBGdHsGmnfG/QH/36aUwRHHrDqI/oIPVOags/q8ds+UzmDwMxVqyjY5wZo+nL7wdQ3C7Kb+uWNNmNlrgQNiA==",
      "dev": true,
      "license": "MIT",
      "dependencies": {
        "@types/js-yaml": "^4.0.5"
      }
    },
    "node_modules/@ts-jison/ebnf-parser": {
      "version": "0.4.1-alpha.1",
      "resolved": "https://registry.npmjs.org/@ts-jison/ebnf-parser/-/ebnf-parser-0.4.1-alpha.1.tgz",
      "integrity": "sha512-02wR4qVjH63W7v/mftogBXUMNtLeNMjMQFUUiuc5GCwyEUsWHrsGgcQ7Y6pd6DdhnADZM0Uhv3wA7ZDvbUpzqQ==",
      "dev": true,
      "license": "MIT"
    },
    "node_modules/@ts-jison/lex-parser": {
      "version": "0.4.1-alpha.1",
      "resolved": "https://registry.npmjs.org/@ts-jison/lex-parser/-/lex-parser-0.4.1-alpha.1.tgz",
      "integrity": "sha512-UfvzMAPfuhjGNOB128uYL9HruU/TdYYfw3kxAZZLg1rGJJYArR6+laPRVoTvjf4p8mdO8rwpQBMGSsztOH00Bw==",
      "dev": true,
      "license": "MIT"
    },
    "node_modules/@ts-jison/lexer": {
      "version": "0.4.1-alpha.1",
      "resolved": "https://registry.npmjs.org/@ts-jison/lexer/-/lexer-0.4.1-alpha.1.tgz",
      "integrity": "sha512-5C1Wr+wixAzn2MOFtgy7KbT6N6j9mhmbjAtyvOqZKsikKtNOQj22MM5HxT+ooRexG2NbtxnDSXYdhHR1Lg58ow==",
      "dev": true,
      "license": "MIT",
      "dependencies": {
        "@ts-jison/common": "^0.4.1-alpha.1"
      }
    },
    "node_modules/@ts-jison/lexer-generator": {
      "version": "0.4.1-alpha.2",
      "resolved": "https://registry.npmjs.org/@ts-jison/lexer-generator/-/lexer-generator-0.4.1-alpha.2.tgz",
      "integrity": "sha512-+pNchwLXbnCff1RbUJ5B8GLu405aXxA0mHXSrjC8bhowm7zYUSbMnragvkRozv5dFnlNp4jOpqYGXFEtEi0E0g==",
      "dev": true,
      "license": "MIT",
      "dependencies": {
        "@ts-jison/common-generator": "^0.4.1-alpha.1",
        "@ts-jison/lex-parser": "^0.4.1-alpha.1",
        "@ts-jison/lexer": "^0.4.1-alpha.1",
        "js-yaml": "^4.0.0"
      },
      "bin": {
        "ts-lex": "lib/cli.js"
      },
      "engines": {
        "node": ">=0.4"
      }
    },
    "node_modules/@ts-jison/parser": {
      "version": "0.4.1-alpha.1",
      "resolved": "https://registry.npmjs.org/@ts-jison/parser/-/parser-0.4.1-alpha.1.tgz",
      "integrity": "sha512-xNj+qOez/7dju44LlYiTlCjxMzW5oek9EckUAElfln/GBK9vgMSk0swWcnacMr0TYbGjUQuXvL2wEgmDf5WajQ==",
      "dev": true,
      "license": "MIT",
      "dependencies": {
        "@ts-jison/common": "^0.4.1-alpha.1",
        "@ts-jison/lexer": "^0.4.1-alpha.1"
      }
    },
    "node_modules/@ts-jison/parser-generator": {
      "version": "0.4.1-alpha.2",
      "resolved": "https://registry.npmjs.org/@ts-jison/parser-generator/-/parser-generator-0.4.1-alpha.2.tgz",
      "integrity": "sha512-i+rtEnYnK03ATC6Tqyvlio/Qefgqni4akQub8/FLtcuKeOs0C8cKA+Y8eKU/j1gNZxGghKL8ApVD5z9Sd4qsQA==",
      "dev": true,
      "license": "MIT",
      "dependencies": {
        "@ts-jison/common-generator": "^0.4.1-alpha.1",
        "@ts-jison/ebnf-parser": "^0.4.1-alpha.1",
        "@ts-jison/lex-parser": "^0.4.1-alpha.1",
        "@ts-jison/lexer-generator": "^0.4.1-alpha.2",
        "@ts-jison/parser": "^0.4.1-alpha.1",
        "cjson": "^0.5.0",
        "escodegen": "^2.0.0",
        "esprima": "^4.0.1",
        "js-yaml": "^4.0.0",
        "JSONSelect": "^0.4.0",
        "nomnom": "1.5.2"
      },
      "bin": {
        "ts-jison": "lib/cli.js"
      },
      "engines": {
        "node": ">=0.4"
      }
    },
    "node_modules/@types/js-yaml": {
      "version": "4.0.9",
      "resolved": "https://registry.npmjs.org/@types/js-yaml/-/js-yaml-4.0.9.tgz",
      "integrity": "sha512-k4MGaQl5TGo/iipqb2UDG2UwjXziSWkh0uysQelTlJpX1qGlpUZYm8PnO4DxG1qBomtJUdYJ6qR6xdIah10JLg==",
      "dev": true,
      "license": "MIT"
    },
    "node_modules/argparse": {
      "version": "2.0.1",
      "resolved": "https://registry.npmjs.org/argparse/-/argparse-2.0.1.tgz",
      "integrity": "sha512-8+9WqebbFzpX9OR+Wa6O29asIogeRMzcGtAINdpMHHyAg10f05aSFVBbcEqGf/PXw1EjAZ+q2/bEBg3DvurK3Q==",
      "dev": true,
      "license": "Python-2.0"
    },
    "node_modules/cjson": {
      "version": "0.5.0",
      "resolved": "https://registry.npmjs.org/cjson/-/cjson-0.5.0.tgz",
      "integrity": "sha512-D3CKJU9YnZNyerUQ1IzNUvMnToP3MGC2XbIAPi/7yqunJJW3rBwCVapousoFtaR9IbejeEM0KIshxC1n4HQcXw==",
      "dev": true,
      "license": "MIT",
      "dependencies": {
        "json-parse-helpfulerror": "^1.0.3"
      },
      "engines": {
        "node": ">= 0.3.0"
      }
    },
    "node_modules/colors": {
      "version": "0.5.1",
      "resolved": "https://registry.npmjs.org/colors/-/colors-0.5.1.tgz",
      "integrity": "sha512-XjsuUwpDeY98+yz959OlUK6m7mLBM+1MEG5oaenfuQnNnrQk1WvtcvFgN3FNDP3f2NmZ211t0mNEfSEN1h0eIg==",
      "dev": true,
      "engines": {
        "node": ">=0.1.90"
      }
    },
    "node_modules/escodegen": {
      "version": "2.1.0",
      "resolved": "https://registry.npmjs.org/escodegen/-/escodegen-2.1.0.tgz",
      "integrity": "sha512-2NlIDTwUWJN0mRPQOdtQBzbUHvdGY2P1VXSyU83Q3xKxM7WHX2Ql8dKq782Q9TgQUNOLEzEYu9bzLNj1q88I5w==",
      "dev": true,
      "license": "BSD-2-Clause",
      "dependencies": {
        "esprima": "^4.0.1",
        "estraverse": "^5.2.0",
        "esutils": "^2.0.2"
      },
      "bin": {
        "escodegen": "bin/escodegen.js",
        "esgenerate": "bin/esgenerate.js"
      },
      "engines": {
        "node": ">=6.0"
      },
      "optionalDependencies": {
        "source-map": "~0.6.1"
      }
    },
    "node_modules/esprima": {
      "version": "4.0.1",
      "resolved": "https://registry.npmjs.org/esprima/-/esprima-4.0.1.tgz",
      "integrity": "sha512-eGuFFw7Upda+g4p+QHvnW0RyTX/SVeJBDM/gCtMARO0cLuT2HcEKnTPvhjV6aGeqrCB/sbNop0Kszm0jsaWU4A==",
      "dev": true,
      "license": "BSD-2-Clause",
      "bin": {
        "esparse": "bin/esparse.js",
        "esvalidate": "bin/esvalidate.js"
      },
      "engines": {
        "node": ">=4"
      }
    },
    "node_modules/estraverse": {
      "version": "5.3.0",
      "resolved": "https://registry.npmjs.org/estraverse/-/estraverse-5.3.0.tgz",
      "integrity": "sha512-MMdARuVEQziNTeJD8DgMqmhwR11BRQ/cBP+pLtYdSTnf3MIO8fFeiINEbX36ZdNlfU/7A9f3gUw49B3oQsvwBA==",
      "dev": true,
      "license": "BSD-2-Clause",
      "engines": {
        "node": ">=4.0"
      }
    },
    "node_modules/esutils": {
      "version": "2.0.3",
      "resolved": "https://registry.npmjs.org/esutils/-/esutils-2.0.3.tgz",
      "integrity": "sha512-kVscqXk4OCp68SZ0dkgEKVi6/8ij300KBWTJq32P/dYeWTSwK41WyTxalN1eRmA5Z9UU/LX9D7FWSmV9SAYx6g==",
      "dev": true,
      "license": "BSD-2-Clause",
      "engines": {
        "node": ">=0.10.0"
      }
    },
    "node_modules/jju": {
      "version": "1.4.0",
      "resolved": "https://registry.npmjs.org/jju/-/jju-1.4.0.tgz",
      "integrity": "sha512-8wb9Yw966OSxApiCt0K3yNJL8pnNeIv+OEq2YMidz4FKP6nonSRoOXc80iXY4JaN2FC11B9qsNmDsm+ZOfMROA==",
      "dev": true,
      "license": "MIT"
    },
    "node_modules/js-yaml": {
      "version": "4.1.0",
      "resolved": "https://registry.npmjs.org/js-yaml/-/js-yaml-4.1.0.tgz",
      "integrity": "sha512-wpxZs9NoxZaJESJGIZTyDEaYpl0FKSA+FB9aJiyemKhMwkxQg63h4T1KJgUGHpTqPDNRcmmYLugrRjJlBtWvRA==",
      "dev": true,
      "license": "MIT",
      "dependencies": {
        "argparse": "^2.0.1"
      },
      "bin": {
        "js-yaml": "bin/js-yaml.js"
      }
    },
    "node_modules/json-parse-helpfulerror": {
      "version": "1.0.3",
      "resolved": "https://registry.npmjs.org/json-parse-helpfulerror/-/json-parse-helpfulerror-1.0.3.tgz",
      "integrity": "sha512-XgP0FGR77+QhUxjXkwOMkC94k3WtqEBfcnjWqhRd82qTat4SWKRE+9kUnynz/shm3I4ea2+qISvTIeGTNU7kJg==",
      "dev": true,
      "license": "MIT",
      "dependencies": {
        "jju": "^1.1.0"
      }
    },
    "node_modules/JSONSelect": {
      "version": "0.4.0",
      "resolved": "https://registry.npmjs.org/JSONSelect/-/JSONSelect-0.4.0.tgz",
      "integrity": "sha512-VRLR3Su35MH+XV2lrvh9O7qWoug/TUyj9tLDjn9rtpUCNnILLrHjgd/tB0KrhugCxUpj3UqoLqfYb3fLJdIQQQ==",
      "dev": true,
      "engines": {
        "node": ">=0.4.7"
      }
    },
    "node_modules/nomnom": {
      "version": "1.5.2",
      "resolved": "https://registry.npmjs.org/nomnom/-/nomnom-1.5.2.tgz",
      "integrity": "sha512-fiVbT7BqxiQqjlR9U3FDGOSERFCKoXVCdxV2FwZuNN7/cmJ42iQx35nUFOAFDcyvemu9Adp+IlsCGlKQYLmBKw==",
      "deprecated": "Package no longer supported. Contact support@npmjs.com for more info.",
      "dev": true,
      "dependencies": {
        "colors": "0.5.x",
        "underscore": "1.1.x"
      },
      "engines": {
        "node": "*"
      }
    },
    "node_modules/source-map": {
      "version": "0.6.1",
      "resolved": "https://registry.npmjs.org/source-map/-/source-map-0.6.1.tgz",
      "integrity": "sha512-UjgapumWlbMhkBgzT7Ykc5YXUT46F0iKu8SGXq0bcwP5dz/h0Plj6enJqjz1Zbq2l5WaqYnrVbwWOWMyF3F47g==",
      "dev": true,
      "license": "BSD-3-Clause",
      "optional": true,
      "engines": {
        "node": ">=0.10.0"
      }
    },
    "node_modules/typescript": {
      "version": "5.6.2",
      "resolved": "https://registry.npmjs.org/typescript/-/typescript-5.6.2.tgz",
      "integrity": "sha512-NW8ByodCSNCwZeghjN3o+JX5OFH0Ojg6sadjEKY4huZ52TqbJTJnDo5+Tw98lSy63NZvi4n+ez5m2u5d4PkZyw==",
      "dev": true,
      "license": "Apache-2.0",
      "bin": {
        "tsc": "bin/tsc",
        "tsserver": "bin/tsserver"
      },
      "engines": {
        "node": ">=14.17"
      }
    },
    "node_modules/underscore": {
      "version": "1.1.7",
      "resolved": "https://registry.npmjs.org/underscore/-/underscore-1.1.7.tgz",
      "integrity": "sha512-w4QtCHoLBXw1mjofIDoMyexaEdWGMedWNDhlWTtT1V1lCRqi65Pnoygkh6+WRdr+Bm8ldkBNkNeCsXGMlQS9HQ==",
      "dev": true,
      "engines": {
        "node": "*"
      }
    }
  }
}
